
Microsoft Visual Studio Solution File, Format Version 12.00
# Visual Studio Version 17
VisualStudioVersion = 17.13.35931.197
MinimumVisualStudioVersion = 10.0.40219.1
Project("{FAE04EC0-301F-11D3-BF4B-00C04F79EFBC}") = "Ej1", "Ej1\Ej1.csproj", "{13740911-F7A5-42CE-AFE7-313C1707C7EB}"
EndProject
Project("{FAE04EC0-301F-11D3-BF4B-00C04F79EFBC}") = "Ej2", "Ej2\Ej2.csproj", "{0122931E-AED6-4B1C-9379-EDDE6030E369}"
EndProject
Project("{FAE04EC0-301F-11D3-BF4B-00C04F79EFBC}") = "Ej3", "Ej3\Ej3.csproj", "{92C6FD2A-FC45-4044-AE05-BEC15B240940}"
EndProject
Project("{FAE04EC0-301F-11D3-BF4B-00C04F79EFBC}") = "Ej4", "Ej4\Ej4.csproj", "{0BEBFF10-B483-4EE6-AC8C-AE51D57DE497}"
EndProject
Project("{FAE04EC0-301F-11D3-BF4B-00C04F79EFBC}") = "Ej5", "Ej5\Ej5.csproj", "{25D29A97-21A7-478D-BBCB-DFE753457EC7}"
EndProject
Project("{FAE04EC0-301F-11D3-BF4B-00C04F79EFBC}") = "Ej6", "Ej6\Ej6.csproj", "{5C6A429C-C216-4262-A029-28309AFD614B}"
EndProject
Project("{FAE04EC0-301F-11D3-BF4B-00C04F79EFBC}") = "Ej7", "Ej7\Ej7.csproj", "{F5B81681-D8E8-4939-89D3-2D3970B446AC}"
EndProject
Global
	GlobalSection(SolutionConfigurationPlatforms) = preSolution
		Debug|Any CPU = Debug|Any CPU
		Release|Any CPU = Release|Any CPU
	EndGlobalSection
	GlobalSection(ProjectConfigurationPlatforms) = postSolution
		{13740911-F7A5-42CE-AFE7-313C1707C7EB}.Debug|Any CPU.ActiveCfg = Debug|Any CPU
		{13740911-F7A5-42CE-AFE7-313C1707C7EB}.Debug|Any CPU.Build.0 = Debug|Any CPU
		{13740911-F7A5-42CE-AFE7-313C1707C7EB}.Release|Any CPU.ActiveCfg = Release|Any CPU
		{13740911-F7A5-42CE-AFE7-313C1707C7EB}.Release|Any CPU.Build.0 = Release|Any CPU
		{0122931E-AED6-4B1C-9379-EDDE6030E369}.Debug|Any CPU.ActiveCfg = Debug|Any CPU
		{0122931E-AED6-4B1C-9379-EDDE6030E369}.Debug|Any CPU.Build.0 = Debug|Any CPU
		{0122931E-AED6-4B1C-9379-EDDE6030E369}.Release|Any CPU.ActiveCfg = Release|Any CPU
		{0122931E-AED6-4B1C-9379-EDDE6030E369}.Release|Any CPU.Build.0 = Release|Any CPU
		{92C6FD2A-FC45-4044-AE05-BEC15B240940}.Debug|Any CPU.ActiveCfg = Debug|Any CPU
		{92C6FD2A-FC45-4044-AE05-BEC15B240940}.Debug|Any CPU.Build.0 = Debug|Any CPU
		{92C6FD2A-FC45-4044-AE05-BEC15B240940}.Release|Any CPU.ActiveCfg = Release|Any CPU
		{92C6FD2A-FC45-4044-AE05-BEC15B240940}.Release|Any CPU.Build.0 = Release|Any CPU
		{0BEBFF10-B483-4EE6-AC8C-AE51D57DE497}.Debug|Any CPU.ActiveCfg = Debug|Any CPU
		{0BEBFF10-B483-4EE6-AC8C-AE51D57DE497}.Debug|Any CPU.Build.0 = Debug|Any CPU
		{0BEBFF10-B483-4EE6-AC8C-AE51D57DE497}.Release|Any CPU.ActiveCfg = Release|Any CPU
		{0BEBFF10-B483-4EE6-AC8C-AE51D57DE497}.Release|Any CPU.Build.0 = Release|Any CPU
		{25D29A97-21A7-478D-BBCB-DFE753457EC7}.Debug|Any CPU.ActiveCfg = Debug|Any CPU
		{25D29A97-21A7-478D-BBCB-DFE753457EC7}.Debug|Any CPU.Build.0 = Debug|Any CPU
		{25D29A97-21A7-478D-BBCB-DFE753457EC7}.Release|Any CPU.ActiveCfg = Release|Any CPU
		{25D29A97-21A7-478D-BBCB-DFE753457EC7}.Release|Any CPU.Build.0 = Release|Any CPU
		{5C6A429C-C216-4262-A029-28309AFD614B}.Debug|Any CPU.ActiveCfg = Debug|Any CPU
		{5C6A429C-C216-4262-A029-28309AFD614B}.Debug|Any CPU.Build.0 = Debug|Any CPU
		{5C6A429C-C216-4262-A029-28309AFD614B}.Release|Any CPU.ActiveCfg = Release|Any CPU
		{5C6A429C-C216-4262-A029-28309AFD614B}.Release|Any CPU.Build.0 = Release|Any CPU
		{F5B81681-D8E8-4939-89D3-2D3970B446AC}.Debug|Any CPU.ActiveCfg = Debug|Any CPU
		{F5B81681-D8E8-4939-89D3-2D3970B446AC}.Debug|Any CPU.Build.0 = Debug|Any CPU
		{F5B81681-D8E8-4939-89D3-2D3970B446AC}.Release|Any CPU.ActiveCfg = Release|Any CPU
		{F5B81681-D8E8-4939-89D3-2D3970B446AC}.Release|Any CPU.Build.0 = Release|Any CPU
	EndGlobalSection
	GlobalSection(SolutionProperties) = preSolution
		HideSolutionNode = FALSE
	EndGlobalSection
	GlobalSection(ExtensibilityGlobals) = postSolution
		SolutionGuid = {28B8212D-83E8-41B1-832A-66A0A0F6ED61}
	EndGlobalSection
EndGlobal
